
Microsoft Visual Studio Solution File, Format Version 12.00
Project("{FAE04EC0-301F-11D3-BF4B-00C04F79EFBC}") = "Pre.ExtensionMethods.Introduction.Cons", "Pre.ExtensionMethods.Introduction.Cons\Pre.ExtensionMethods.Introduction.Cons.csproj", "{DAA761EB-008F-4024-A6FA-57F845A8C635}"
EndProject
Global
	GlobalSection(SolutionConfigurationPlatforms) = preSolution
		Debug|Any CPU = Debug|Any CPU
		Release|Any CPU = Release|Any CPU
	EndGlobalSection
	GlobalSection(ProjectConfigurationPlatforms) = postSolution
		{DAA761EB-008F-4024-A6FA-57F845A8C635}.Debug|Any CPU.ActiveCfg = Debug|Any CPU
		{DAA761EB-008F-4024-A6FA-57F845A8C635}.Debug|Any CPU.Build.0 = Debug|Any CPU
		{DAA761EB-008F-4024-A6FA-57F845A8C635}.Release|Any CPU.ActiveCfg = Release|Any CPU
		{DAA761EB-008F-4024-A6FA-57F845A8C635}.Release|Any CPU.Build.0 = Release|Any CPU
	EndGlobalSection
EndGlobal
